<?xml version="1.0" encoding="utf-8"?>
<Project ToolsVersion="4.0" xmlns="http://schemas.microsoft.com/developer/msbuild/2003">
  <ItemGroup>
    <Filter Include="소스 파일">
      <UniqueIdentifier>{4FC737F1-C7A5-4376-A066-2A32D752A2FF}</UniqueIdentifier>
      <Extensions>cpp;c;cc;cxx;def;odl;idl;hpj;bat;asm;asmx</Extensions>
    </Filter>
    <Filter Include="헤더 파일">
      <UniqueIdentifier>{93995380-89BD-4b04-88EB-625FBE52EBFB}</UniqueIdentifier>
      <Extensions>h;hh;hpp;hxx;hm;inl;inc;xsd</Extensions>
    </Filter>
    <Filter Include="리소스 파일">
      <UniqueIdentifier>{67DA6AB6-F800-4c08-8B7A-83BB121AAD01}</UniqueIdentifier>
      <Extensions>rc;ico;cur;bmp;dlg;rc2;rct;bin;rgs;gif;jpg;jpeg;jpe;resx;tiff;tif;png;wav;mfcribbon-ms</Extensions>
    </Filter>
    <Filter Include="QT">
      <UniqueIdentifier>{77632d1f-ca9b-4a84-8cc0-0a356e6630e4}</UniqueIdentifier>
    </Filter>
    <Filter Include="QT\Release">
      <UniqueIdentifier>{008ff36e-57b1-4c5b-b608-783406584fb8}</UniqueIdentifier>
    </Filter>
    <Filter Include="QT\Debug">
      <UniqueIdentifier>{fba3721d-033f-4e8d-855b-10d4f2f36013}</UniqueIdentifier>
    </Filter>
    <Filter Include="AI">
      <UniqueIdentifier>{7db11883-909b-43f9-a3d0-00d13b587a1a}</UniqueIdentifier>
    </Filter>
    <Filter Include="Fbx">
      <UniqueIdentifier>{93e9f551-a069-4f26-91b9-2281ffea777d}</UniqueIdentifier>
    </Filter>
    <Filter Include="FMOD">
      <UniqueIdentifier>{02b2551a-f0db-4823-80d9-aa6a3222006d}</UniqueIdentifier>
    </Filter>
    <Filter Include="BulletPhysics">
      <UniqueIdentifier>{9ddba38c-a49f-499f-9c6e-b88e7f0e39e5}</UniqueIdentifier>
    </Filter>
  </ItemGroup>
  <ItemGroup>
    <ClCompile Include="Component.cpp">
      <Filter>소스 파일</Filter>
    </ClCompile>
    <ClCompile Include="GameObject.cpp">
      <Filter>소스 파일</Filter>
    </ClCompile>
    <ClCompile Include="Scene.cpp">
      <Filter>소스 파일</Filter>
    </ClCompile>
    <ClCompile Include="Trace.cpp">
      <Filter>소스 파일</Filter>
    </ClCompile>
    <ClCompile Include="Utility.cpp">
      <Filter>소스 파일</Filter>
    </ClCompile>
    <ClCompile Include="main.cpp">
      <Filter>소스 파일</Filter>
    </ClCompile>
    <ClCompile Include="Locator.cpp">
      <Filter>소스 파일</Filter>
    </ClCompile>
    <ClCompile Include="gameui.cpp">
      <Filter>QT</Filter>
    </ClCompile>
    <ClCompile Include="GeneratedFiles\qrc_gameui.cpp">
      <Filter>QT</Filter>
    </ClCompile>
    <ClCompile Include="GeneratedFiles\Release\moc_gameui.cpp">
      <Filter>QT\Release</Filter>
    </ClCompile>
    <ClCompile Include="GeneratedFiles\Debug\moc_gameui.cpp">
      <Filter>QT\Debug</Filter>
    </ClCompile>
    <ClCompile Include="Audio.cpp">
      <Filter>FMOD</Filter>
    </ClCompile>
    <ClCompile Include="FbxParser.cpp">
      <Filter>Fbx</Filter>
    </ClCompile>
    <ClCompile Include="WeightOfBones.cpp">
      <Filter>Fbx</Filter>
    </ClCompile>
    <ClCompile Include="FbxModelMesh.cpp">
      <Filter>Fbx</Filter>
    </ClCompile>
    <ClCompile Include="Physics.cpp">
      <Filter>BulletPhysics</Filter>
    </ClCompile>
    <ClCompile Include="ParticleSystem.cpp">
      <Filter>소스 파일</Filter>
    </ClCompile>
  </ItemGroup>
  <ItemGroup>
    <ClInclude Include="Trace.h">
      <Filter>헤더 파일</Filter>
    </ClInclude>
    <ClInclude Include="Utility.h">
      <Filter>헤더 파일</Filter>
    </ClInclude>
    <ClInclude Include="Scene.h">
      <Filter>헤더 파일</Filter>
    </ClInclude>
    <ClInclude Include="Component.h">
      <Filter>헤더 파일</Filter>
    </ClInclude>
    <ClInclude Include="InputManager.h">
      <Filter>헤더 파일</Filter>
    </ClInclude>
    <ClInclude Include="Locator.h">
      <Filter>헤더 파일</Filter>
    </ClInclude>
    <ClInclude Include="GameObject.h">
      <Filter>헤더 파일</Filter>
    </ClInclude>
    <ClInclude Include="GeneratedFiles\ui_gameui.h">
      <Filter>QT</Filter>
    </ClInclude>
    <ClInclude Include="FbxModelSkeletonBones.h">
      <Filter>Fbx</Filter>
    </ClInclude>
    <ClInclude Include="FbxModelAnimation.h">
      <Filter>Fbx</Filter>
    </ClInclude>
    <ClInclude Include="FbxModelAnimationKeyFrames.h">
      <Filter>Fbx</Filter>
    </ClInclude>
    <ClInclude Include="FbxModelAnimations.h">
      <Filter>Fbx</Filter>
    </ClInclude>
    <ClInclude Include="FbxModelMesh.h">
      <Filter>Fbx</Filter>
    </ClInclude>
    <ClInclude Include="FbxModelSkeletonBone.h">
      <Filter>Fbx</Filter>
    </ClInclude>
    <ClInclude Include="FbxParser.h">
      <Filter>Fbx</Filter>
    </ClInclude>
    <ClInclude Include="Physics.h">
      <Filter>BulletPhysics</Filter>
    </ClInclude>
    <ClInclude Include="WeightOfBones.h">
      <Filter>Fbx</Filter>
    </ClInclude>
    <ClInclude Include="BehaviorTree.h">
      <Filter>AI</Filter>
    </ClInclude>
    <ClInclude Include="Audio.h">
      <Filter>FMOD</Filter>
    </ClInclude>
    <ClInclude Include="ParticleSystem.h">
      <Filter>헤더 파일</Filter>
    </ClInclude>
  </ItemGroup>
  <ItemGroup>
    <Text Include="DEBUG.txt">
      <Filter>소스 파일</Filter>
    </Text>
    <Text Include="INFO1.txt">
      <Filter>소스 파일</Filter>
    </Text>
    <Text Include="INFO2.txt">
      <Filter>소스 파일</Filter>
    </Text>
    <Text Include="TextFileNamesList.txt">
      <Filter>소스 파일</Filter>
    </Text>
  </ItemGroup>
  <ItemGroup>
    <CustomBuild Include="gameui.qrc">
      <Filter>QT</Filter>
    </CustomBuild>
    <CustomBuild Include="gameui.h">
      <Filter>QT</Filter>
    </CustomBuild>
    <CustomBuild Include="C:\Users\Administrator\Desktop\qt_test_final\qt_test_final\gameui.ui">
      <Filter>QT</Filter>
    </CustomBuild>
  </ItemGroup>
  <ItemGroup>
    <None Include="FireExplosion.vs">
      <Filter>헤더 파일</Filter>
    </None>
  </ItemGroup>
</Project>