
Microsoft Visual Studio Solution File, Format Version 12.00
# Visual Studio 14
VisualStudioVersion = 14.0.25420.1
MinimumVisualStudioVersion = 10.0.40219.1
Project("{8BC9CEB8-8B4A-11D0-8D11-00A0C91BC942}") = "ch14_snowSystem", "ch14_snowSystem\ch14_snowSystem.vcxproj", "{128B4CF7-BB16-4387-9310-1AF4091677F8}"
EndProject
Global
	GlobalSection(SolutionConfigurationPlatforms) = preSolution
		Debug|x64 = Debug|x64
		Debug|x86 = Debug|x86
		Release|x64 = Release|x64
		Release|x86 = Release|x86
	EndGlobalSection
	GlobalSection(ProjectConfigurationPlatforms) = postSolution
		{128B4CF7-BB16-4387-9310-1AF4091677F8}.Debug|x64.ActiveCfg = Debug|x64
		{128B4CF7-BB16-4387-9310-1AF4091677F8}.Debug|x64.Build.0 = Debug|x64
		{128B4CF7-BB16-4387-9310-1AF4091677F8}.Debug|x86.ActiveCfg = Debug|Win32
		{128B4CF7-BB16-4387-9310-1AF4091677F8}.Debug|x86.Build.0 = Debug|Win32
		{128B4CF7-BB16-4387-9310-1AF4091677F8}.Release|x64.ActiveCfg = Release|x64
		{128B4CF7-BB16-4387-9310-1AF4091677F8}.Release|x64.Build.0 = Release|x64
		{128B4CF7-BB16-4387-9310-1AF4091677F8}.Release|x86.ActiveCfg = Release|Win32
		{128B4CF7-BB16-4387-9310-1AF4091677F8}.Release|x86.Build.0 = Release|Win32
	EndGlobalSection
	GlobalSection(SolutionProperties) = preSolution
		HideSolutionNode = FALSE
	EndGlobalSection
EndGlobal
