<?xml version="1.0" encoding="utf-8"?>
<Project ToolsVersion="4.0" xmlns="http://schemas.microsoft.com/developer/msbuild/2003">
  <ItemGroup>
    <Filter Include="소스 파일">
      <UniqueIdentifier>{4FC737F1-C7A5-4376-A066-2A32D752A2FF}</UniqueIdentifier>
      <Extensions>cpp;c;cc;cxx;def;odl;idl;hpj;bat;asm;asmx</Extensions>
    </Filter>
    <Filter Include="헤더 파일">
      <UniqueIdentifier>{93995380-89BD-4b04-88EB-625FBE52EBFB}</UniqueIdentifier>
      <Extensions>h;hh;hpp;hxx;hm;inl;inc;xsd</Extensions>
    </Filter>
    <Filter Include="리소스 파일">
      <UniqueIdentifier>{67DA6AB6-F800-4c08-8B7A-83BB121AAD01}</UniqueIdentifier>
      <Extensions>rc;ico;cur;bmp;dlg;rc2;rct;bin;rgs;gif;jpg;jpeg;jpe;resx;tiff;tif;png;wav;mfcribbon-ms</Extensions>
    </Filter>
    <Filter Include="소스 파일\NewFilter1">
      <UniqueIdentifier>{f69f8dda-f5b7-40ef-9ece-51d10696dc97}</UniqueIdentifier>
    </Filter>
  </ItemGroup>
  <ItemGroup>
    <ClCompile Include="main.cpp">
      <Filter>소스 파일</Filter>
    </ClCompile>
    <ClCompile Include="..\Physics\src\BulletDynamics\ConstraintSolver\btTypedConstraint.cpp">
      <Filter>소스 파일\NewFilter1</Filter>
    </ClCompile>
    <ClCompile Include="..\Physics\src\LinearMath\btVector3.cpp">
      <Filter>소스 파일\NewFilter1</Filter>
    </ClCompile>
    <ClCompile Include="..\Physics\src\LinearMath\btThreads.cpp">
      <Filter>소스 파일\NewFilter1</Filter>
    </ClCompile>
    <ClCompile Include="..\Physics\src\LinearMath\btSerializer64.cpp">
      <Filter>소스 파일\NewFilter1</Filter>
    </ClCompile>
    <ClCompile Include="..\Physics\src\LinearMath\btSerializer.cpp">
      <Filter>소스 파일\NewFilter1</Filter>
    </ClCompile>
    <ClCompile Include="..\Physics\src\LinearMath\btQuickprof.cpp">
      <Filter>소스 파일\NewFilter1</Filter>
    </ClCompile>
    <ClCompile Include="..\Physics\src\LinearMath\btPolarDecomposition.cpp">
      <Filter>소스 파일\NewFilter1</Filter>
    </ClCompile>
    <ClCompile Include="..\Physics\src\LinearMath\btGeometryUtil.cpp">
      <Filter>소스 파일\NewFilter1</Filter>
    </ClCompile>
    <ClCompile Include="..\Physics\src\LinearMath\btConvexHullComputer.cpp">
      <Filter>소스 파일\NewFilter1</Filter>
    </ClCompile>
    <ClCompile Include="..\Physics\src\LinearMath\btConvexHull.cpp">
      <Filter>소스 파일\NewFilter1</Filter>
    </ClCompile>
    <ClCompile Include="..\Physics\src\LinearMath\btAlignedAllocator.cpp">
      <Filter>소스 파일\NewFilter1</Filter>
    </ClCompile>
    <ClCompile Include="..\Physics\src\LinearMath\TaskScheduler\btThreadSupportWin32.cpp">
      <Filter>소스 파일\NewFilter1</Filter>
    </ClCompile>
    <ClCompile Include="..\Physics\src\LinearMath\TaskScheduler\btTaskScheduler.cpp">
      <Filter>소스 파일\NewFilter1</Filter>
    </ClCompile>
    <ClCompile Include="..\Physics\src\LinearMath\TaskScheduler\btThreadSupportPosix.cpp">
      <Filter>소스 파일\NewFilter1</Filter>
    </ClCompile>
    <ClCompile Include="..\Physics\src\BulletSoftBody\btSoftRigidDynamicsWorld.cpp">
      <Filter>소스 파일\NewFilter1</Filter>
    </ClCompile>
    <ClCompile Include="..\Physics\src\BulletSoftBody\btSoftSoftCollisionAlgorithm.cpp">
      <Filter>소스 파일\NewFilter1</Filter>
    </ClCompile>
    <ClCompile Include="..\Physics\src\BulletSoftBody\btSoftRigidCollisionAlgorithm.cpp">
      <Filter>소스 파일\NewFilter1</Filter>
    </ClCompile>
    <ClCompile Include="..\Physics\src\BulletSoftBody\btSoftMultiBodyDynamicsWorld.cpp">
      <Filter>소스 파일\NewFilter1</Filter>
    </ClCompile>
    <ClCompile Include="..\Physics\src\BulletSoftBody\btSoftBodyRigidBodyCollisionConfiguration.cpp">
      <Filter>소스 파일\NewFilter1</Filter>
    </ClCompile>
    <ClCompile Include="..\Physics\src\BulletSoftBody\btSoftBodyHelpers.cpp">
      <Filter>소스 파일\NewFilter1</Filter>
    </ClCompile>
    <ClCompile Include="..\Physics\src\BulletSoftBody\btSoftBodyConcaveCollisionAlgorithm.cpp">
      <Filter>소스 파일\NewFilter1</Filter>
    </ClCompile>
    <ClCompile Include="..\Physics\src\BulletSoftBody\btSoftBody.cpp">
      <Filter>소스 파일\NewFilter1</Filter>
    </ClCompile>
    <ClCompile Include="..\Physics\src\BulletSoftBody\btDefaultSoftBodySolver.cpp">
      <Filter>소스 파일\NewFilter1</Filter>
    </ClCompile>
    <ClCompile Include="..\Physics\src\BulletInverseDynamics\details\MultiBodyTreeInitCache.cpp">
      <Filter>소스 파일\NewFilter1</Filter>
    </ClCompile>
    <ClCompile Include="..\Physics\src\BulletInverseDynamics\details\MultiBodyTreeImpl.cpp">
      <Filter>소스 파일\NewFilter1</Filter>
    </ClCompile>
    <ClCompile Include="..\Physics\src\BulletInverseDynamics\MultiBodyTree.cpp">
      <Filter>소스 파일\NewFilter1</Filter>
    </ClCompile>
    <ClCompile Include="..\Physics\src\BulletInverseDynamics\IDMath.cpp">
      <Filter>소스 파일\NewFilter1</Filter>
    </ClCompile>
    <ClCompile Include="..\Physics\src\BulletDynamics\Vehicle\btWheelInfo.cpp">
      <Filter>소스 파일\NewFilter1</Filter>
    </ClCompile>
    <ClCompile Include="..\Physics\src\BulletDynamics\Vehicle\btRaycastVehicle.cpp">
      <Filter>소스 파일\NewFilter1</Filter>
    </ClCompile>
    <ClCompile Include="..\Physics\src\BulletDynamics\MLCPSolvers\btMLCPSolver.cpp">
      <Filter>소스 파일\NewFilter1</Filter>
    </ClCompile>
    <ClCompile Include="..\Physics\src\BulletDynamics\MLCPSolvers\btLemkeAlgorithm.cpp">
      <Filter>소스 파일\NewFilter1</Filter>
    </ClCompile>
    <ClCompile Include="..\Physics\src\BulletDynamics\MLCPSolvers\btDantzigLCP.cpp">
      <Filter>소스 파일\NewFilter1</Filter>
    </ClCompile>
    <ClCompile Include="..\Physics\src\BulletDynamics\Featherstone\btMultiBodySphericalJointMotor.cpp">
      <Filter>소스 파일\NewFilter1</Filter>
    </ClCompile>
    <ClCompile Include="..\Physics\src\BulletDynamics\Featherstone\btMultiBodyPoint2Point.cpp">
      <Filter>소스 파일\NewFilter1</Filter>
    </ClCompile>
    <ClCompile Include="..\Physics\src\BulletDynamics\Featherstone\btMultiBodySliderConstraint.cpp">
      <Filter>소스 파일\NewFilter1</Filter>
    </ClCompile>
    <ClCompile Include="..\Physics\src\BulletDynamics\Featherstone\btMultiBodyMLCPConstraintSolver.cpp">
      <Filter>소스 파일\NewFilter1</Filter>
    </ClCompile>
    <ClCompile Include="..\Physics\src\BulletDynamics\Featherstone\btMultiBodyJointLimitConstraint.cpp">
      <Filter>소스 파일\NewFilter1</Filter>
    </ClCompile>
    <ClCompile Include="..\Physics\src\BulletDynamics\Featherstone\btMultiBodyJointMotor.cpp">
      <Filter>소스 파일\NewFilter1</Filter>
    </ClCompile>
    <ClCompile Include="..\Physics\src\BulletDynamics\Featherstone\btMultiBodyFixedConstraint.cpp">
      <Filter>소스 파일\NewFilter1</Filter>
    </ClCompile>
    <ClCompile Include="..\Physics\src\BulletDynamics\Featherstone\btMultiBodyGearConstraint.cpp">
      <Filter>소스 파일\NewFilter1</Filter>
    </ClCompile>
    <ClCompile Include="..\Physics\src\BulletDynamics\Featherstone\btMultiBodyDynamicsWorld.cpp">
      <Filter>소스 파일\NewFilter1</Filter>
    </ClCompile>
    <ClCompile Include="..\Physics\src\BulletDynamics\Featherstone\btMultiBodyConstraintSolver.cpp">
      <Filter>소스 파일\NewFilter1</Filter>
    </ClCompile>
    <ClCompile Include="..\Physics\src\BulletDynamics\Featherstone\btMultiBodyConstraint.cpp">
      <Filter>소스 파일\NewFilter1</Filter>
    </ClCompile>
    <ClCompile Include="..\Physics\src\BulletDynamics\Featherstone\btMultiBody.cpp">
      <Filter>소스 파일\NewFilter1</Filter>
    </ClCompile>
    <ClCompile Include="..\Physics\src\BulletDynamics\Dynamics\btSimulationIslandManagerMt.cpp">
      <Filter>소스 파일\NewFilter1</Filter>
    </ClCompile>
    <ClCompile Include="..\Physics\src\BulletDynamics\Dynamics\btSimpleDynamicsWorld.cpp">
      <Filter>소스 파일\NewFilter1</Filter>
    </ClCompile>
    <ClCompile Include="..\Physics\src\BulletDynamics\Dynamics\btRigidBody.cpp">
      <Filter>소스 파일\NewFilter1</Filter>
    </ClCompile>
    <ClCompile Include="..\Physics\src\BulletDynamics\Dynamics\btDiscreteDynamicsWorldMt.cpp">
      <Filter>소스 파일\NewFilter1</Filter>
    </ClCompile>
    <ClCompile Include="..\Physics\src\BulletDynamics\Dynamics\btDiscreteDynamicsWorld.cpp">
      <Filter>소스 파일\NewFilter1</Filter>
    </ClCompile>
    <ClCompile Include="..\Physics\src\BulletDynamics\ConstraintSolver\btUniversalConstraint.cpp">
      <Filter>소스 파일\NewFilter1</Filter>
    </ClCompile>
    <ClCompile Include="..\Physics\src\Bullet3Common\b3Logging.cpp">
      <Filter>소스 파일\NewFilter1</Filter>
    </ClCompile>
    <ClCompile Include="..\Physics\src\Bullet3Common\b3AlignedAllocator.cpp">
      <Filter>소스 파일\NewFilter1</Filter>
    </ClCompile>
    <ClCompile Include="..\Physics\src\Bullet3Collision\NarrowPhaseCollision\b3CpuNarrowPhase.cpp">
      <Filter>소스 파일\NewFilter1</Filter>
    </ClCompile>
    <ClCompile Include="..\Physics\src\Bullet3Collision\NarrowPhaseCollision\b3ConvexUtility.cpp">
      <Filter>소스 파일\NewFilter1</Filter>
    </ClCompile>
    <ClCompile Include="..\Physics\src\Bullet3Collision\BroadPhaseCollision\b3OverlappingPairCache.cpp">
      <Filter>소스 파일\NewFilter1</Filter>
    </ClCompile>
    <ClCompile Include="..\Physics\src\Bullet3Collision\BroadPhaseCollision\b3DynamicBvhBroadphase.cpp">
      <Filter>소스 파일\NewFilter1</Filter>
    </ClCompile>
    <ClCompile Include="..\Physics\src\BulletDynamics\ConstraintSolver\btSolve2LinearConstraint.cpp">
      <Filter>소스 파일\NewFilter1</Filter>
    </ClCompile>
    <ClCompile Include="..\Physics\src\BulletDynamics\ConstraintSolver\btSliderConstraint.cpp">
      <Filter>소스 파일\NewFilter1</Filter>
    </ClCompile>
    <ClCompile Include="..\Physics\src\BulletDynamics\ConstraintSolver\btSequentialImpulseConstraintSolverMt.cpp">
      <Filter>소스 파일\NewFilter1</Filter>
    </ClCompile>
    <ClCompile Include="..\Physics\src\BulletDynamics\ConstraintSolver\btSequentialImpulseConstraintSolver.cpp">
      <Filter>소스 파일\NewFilter1</Filter>
    </ClCompile>
    <ClCompile Include="..\Physics\src\BulletDynamics\ConstraintSolver\btPoint2PointConstraint.cpp">
      <Filter>소스 파일\NewFilter1</Filter>
    </ClCompile>
    <ClCompile Include="..\Physics\src\BulletDynamics\ConstraintSolver\btNNCGConstraintSolver.cpp">
      <Filter>소스 파일\NewFilter1</Filter>
    </ClCompile>
    <ClCompile Include="..\Physics\src\BulletDynamics\ConstraintSolver\btHingeConstraint.cpp">
      <Filter>소스 파일\NewFilter1</Filter>
    </ClCompile>
    <ClCompile Include="..\Physics\src\BulletDynamics\ConstraintSolver\btGeneric6DofSpringConstraint.cpp">
      <Filter>소스 파일\NewFilter1</Filter>
    </ClCompile>
    <ClCompile Include="..\Physics\src\BulletDynamics\ConstraintSolver\btHinge2Constraint.cpp">
      <Filter>소스 파일\NewFilter1</Filter>
    </ClCompile>
    <ClCompile Include="..\Physics\src\BulletDynamics\ConstraintSolver\btGeneric6DofSpring2Constraint.cpp">
      <Filter>소스 파일\NewFilter1</Filter>
    </ClCompile>
    <ClCompile Include="..\Physics\src\BulletDynamics\ConstraintSolver\btGeneric6DofConstraint.cpp">
      <Filter>소스 파일\NewFilter1</Filter>
    </ClCompile>
    <ClCompile Include="..\Physics\src\BulletDynamics\ConstraintSolver\btGearConstraint.cpp">
      <Filter>소스 파일\NewFilter1</Filter>
    </ClCompile>
    <ClCompile Include="..\Physics\src\BulletDynamics\ConstraintSolver\btFixedConstraint.cpp">
      <Filter>소스 파일\NewFilter1</Filter>
    </ClCompile>
    <ClCompile Include="..\Physics\src\BulletDynamics\ConstraintSolver\btContactConstraint.cpp">
      <Filter>소스 파일\NewFilter1</Filter>
    </ClCompile>
    <ClCompile Include="..\Physics\src\BulletDynamics\ConstraintSolver\btBatchedConstraints.cpp">
      <Filter>소스 파일\NewFilter1</Filter>
    </ClCompile>
    <ClCompile Include="..\Physics\src\BulletDynamics\ConstraintSolver\btConeTwistConstraint.cpp">
      <Filter>소스 파일\NewFilter1</Filter>
    </ClCompile>
    <ClCompile Include="..\Physics\src\BulletDynamics\Character\btKinematicCharacterController.cpp">
      <Filter>소스 파일\NewFilter1</Filter>
    </ClCompile>
    <ClCompile Include="..\Physics\src\BulletCollision\NarrowPhaseCollision\btVoronoiSimplexSolver.cpp">
      <Filter>소스 파일\NewFilter1</Filter>
    </ClCompile>
    <ClCompile Include="..\Physics\src\BulletCollision\NarrowPhaseCollision\btSubSimplexConvexCast.cpp">
      <Filter>소스 파일\NewFilter1</Filter>
    </ClCompile>
    <ClCompile Include="..\Physics\src\BulletCollision\NarrowPhaseCollision\btPolyhedralContactClipping.cpp">
      <Filter>소스 파일\NewFilter1</Filter>
    </ClCompile>
    <ClCompile Include="..\Physics\src\BulletCollision\NarrowPhaseCollision\btRaycastCallback.cpp">
      <Filter>소스 파일\NewFilter1</Filter>
    </ClCompile>
    <ClCompile Include="..\Physics\src\BulletCollision\NarrowPhaseCollision\btPersistentManifold.cpp">
      <Filter>소스 파일\NewFilter1</Filter>
    </ClCompile>
    <ClCompile Include="..\Physics\src\BulletCollision\NarrowPhaseCollision\btMinkowskiPenetrationDepthSolver.cpp">
      <Filter>소스 파일\NewFilter1</Filter>
    </ClCompile>
    <ClCompile Include="..\Physics\src\BulletCollision\NarrowPhaseCollision\btGjkPairDetector.cpp">
      <Filter>소스 파일\NewFilter1</Filter>
    </ClCompile>
    <ClCompile Include="..\Physics\src\BulletCollision\NarrowPhaseCollision\btGjkEpaPenetrationDepthSolver.cpp">
      <Filter>소스 파일\NewFilter1</Filter>
    </ClCompile>
    <ClCompile Include="..\Physics\src\BulletCollision\NarrowPhaseCollision\btGjkEpa2.cpp">
      <Filter>소스 파일\NewFilter1</Filter>
    </ClCompile>
    <ClCompile Include="..\Physics\src\BulletCollision\NarrowPhaseCollision\btGjkConvexCast.cpp">
      <Filter>소스 파일\NewFilter1</Filter>
    </ClCompile>
    <ClCompile Include="..\Physics\src\BulletCollision\NarrowPhaseCollision\btConvexCast.cpp">
      <Filter>소스 파일\NewFilter1</Filter>
    </ClCompile>
    <ClCompile Include="..\Physics\src\BulletCollision\NarrowPhaseCollision\btContinuousConvexCollision.cpp">
      <Filter>소스 파일\NewFilter1</Filter>
    </ClCompile>
    <ClCompile Include="..\Physics\src\BulletCollision\Gimpact\gim_tri_collision.cpp">
      <Filter>소스 파일\NewFilter1</Filter>
    </ClCompile>
    <ClCompile Include="..\Physics\src\BulletCollision\Gimpact\gim_memory.cpp">
      <Filter>소스 파일\NewFilter1</Filter>
    </ClCompile>
    <ClCompile Include="..\Physics\src\BulletCollision\Gimpact\gim_contact.cpp">
      <Filter>소스 파일\NewFilter1</Filter>
    </ClCompile>
    <ClCompile Include="..\Physics\src\BulletCollision\Gimpact\gim_box_set.cpp">
      <Filter>소스 파일\NewFilter1</Filter>
    </ClCompile>
    <ClCompile Include="..\Physics\src\BulletCollision\Gimpact\btTriangleShapeEx.cpp">
      <Filter>소스 파일\NewFilter1</Filter>
    </ClCompile>
    <ClCompile Include="..\Physics\src\BulletCollision\Gimpact\btGenericPoolAllocator.cpp">
      <Filter>소스 파일\NewFilter1</Filter>
    </ClCompile>
    <ClCompile Include="..\Physics\src\BulletCollision\Gimpact\btGImpactShape.cpp">
      <Filter>소스 파일\NewFilter1</Filter>
    </ClCompile>
    <ClCompile Include="..\Physics\src\BulletCollision\Gimpact\btGImpactQuantizedBvh.cpp">
      <Filter>소스 파일\NewFilter1</Filter>
    </ClCompile>
    <ClCompile Include="..\Physics\src\BulletCollision\Gimpact\btGImpactCollisionAlgorithm.cpp">
      <Filter>소스 파일\NewFilter1</Filter>
    </ClCompile>
    <ClCompile Include="..\Physics\src\BulletCollision\Gimpact\btGImpactBvh.cpp">
      <Filter>소스 파일\NewFilter1</Filter>
    </ClCompile>
    <ClCompile Include="..\Physics\src\BulletCollision\Gimpact\btContactProcessing.cpp">
      <Filter>소스 파일\NewFilter1</Filter>
    </ClCompile>
    <ClCompile Include="..\Physics\src\BulletCollision\CollisionShapes\btUniformScalingShape.cpp">
      <Filter>소스 파일\NewFilter1</Filter>
    </ClCompile>
    <ClCompile Include="..\Physics\src\BulletCollision\CollisionShapes\btTriangleMeshShape.cpp">
      <Filter>소스 파일\NewFilter1</Filter>
    </ClCompile>
    <ClCompile Include="..\Physics\src\BulletCollision\CollisionShapes\btTriangleMesh.cpp">
      <Filter>소스 파일\NewFilter1</Filter>
    </ClCompile>
    <ClCompile Include="..\Physics\src\BulletCollision\CollisionShapes\btTriangleIndexVertexMaterialArray.cpp">
      <Filter>소스 파일\NewFilter1</Filter>
    </ClCompile>
    <ClCompile Include="..\Physics\src\BulletCollision\CollisionShapes\btTriangleIndexVertexArray.cpp">
      <Filter>소스 파일\NewFilter1</Filter>
    </ClCompile>
    <ClCompile Include="..\Physics\src\BulletCollision\CollisionShapes\btTriangleCallback.cpp">
      <Filter>소스 파일\NewFilter1</Filter>
    </ClCompile>
    <ClCompile Include="..\Physics\src\BulletCollision\CollisionShapes\btTriangleBuffer.cpp">
      <Filter>소스 파일\NewFilter1</Filter>
    </ClCompile>
    <ClCompile Include="..\Physics\src\BulletCollision\CollisionShapes\btTetrahedronShape.cpp">
      <Filter>소스 파일\NewFilter1</Filter>
    </ClCompile>
    <ClCompile Include="..\Physics\src\BulletCollision\CollisionShapes\btStridingMeshInterface.cpp">
      <Filter>소스 파일\NewFilter1</Filter>
    </ClCompile>
    <ClCompile Include="..\Physics\src\BulletCollision\CollisionShapes\btStaticPlaneShape.cpp">
      <Filter>소스 파일\NewFilter1</Filter>
    </ClCompile>
    <ClCompile Include="..\Physics\src\BulletCollision\CollisionShapes\btSphereShape.cpp">
      <Filter>소스 파일\NewFilter1</Filter>
    </ClCompile>
    <ClCompile Include="..\Physics\src\BulletCollision\CollisionShapes\btShapeHull.cpp">
      <Filter>소스 파일\NewFilter1</Filter>
    </ClCompile>
    <ClCompile Include="..\Physics\src\BulletCollision\CollisionShapes\btSdfCollisionShape.cpp">
      <Filter>소스 파일\NewFilter1</Filter>
    </ClCompile>
    <ClCompile Include="..\Physics\src\BulletCollision\CollisionShapes\btScaledBvhTriangleMeshShape.cpp">
      <Filter>소스 파일\NewFilter1</Filter>
    </ClCompile>
    <ClCompile Include="..\Physics\src\BulletCollision\CollisionShapes\btPolyhedralConvexShape.cpp">
      <Filter>소스 파일\NewFilter1</Filter>
    </ClCompile>
    <ClCompile Include="..\Physics\src\BulletCollision\CollisionShapes\btOptimizedBvh.cpp">
      <Filter>소스 파일\NewFilter1</Filter>
    </ClCompile>
    <ClCompile Include="..\Physics\src\BulletCollision\CollisionShapes\btMultimaterialTriangleMeshShape.cpp">
      <Filter>소스 파일\NewFilter1</Filter>
    </ClCompile>
    <ClCompile Include="..\Physics\src\BulletCollision\CollisionShapes\btMultiSphereShape.cpp">
      <Filter>소스 파일\NewFilter1</Filter>
    </ClCompile>
    <ClCompile Include="..\Physics\src\BulletCollision\CollisionShapes\btMinkowskiSumShape.cpp">
      <Filter>소스 파일\NewFilter1</Filter>
    </ClCompile>
    <ClCompile Include="..\Physics\src\BulletCollision\CollisionShapes\btMiniSDF.cpp">
      <Filter>소스 파일\NewFilter1</Filter>
    </ClCompile>
    <ClCompile Include="..\Physics\src\BulletCollision\CollisionShapes\btHeightfieldTerrainShape.cpp">
      <Filter>소스 파일\NewFilter1</Filter>
    </ClCompile>
    <ClCompile Include="..\Physics\src\BulletCollision\CollisionShapes\btEmptyShape.cpp">
      <Filter>소스 파일\NewFilter1</Filter>
    </ClCompile>
    <ClCompile Include="..\Physics\src\BulletCollision\CollisionShapes\btCylinderShape.cpp">
      <Filter>소스 파일\NewFilter1</Filter>
    </ClCompile>
    <ClCompile Include="..\Physics\src\BulletCollision\CollisionShapes\btConvexTriangleMeshShape.cpp">
      <Filter>소스 파일\NewFilter1</Filter>
    </ClCompile>
    <ClCompile Include="..\Physics\src\BulletCollision\CollisionShapes\btConvexShape.cpp">
      <Filter>소스 파일\NewFilter1</Filter>
    </ClCompile>
    <ClCompile Include="..\Physics\src\BulletCollision\CollisionShapes\btConvexPolyhedron.cpp">
      <Filter>소스 파일\NewFilter1</Filter>
    </ClCompile>
    <ClCompile Include="..\Physics\src\BulletCollision\CollisionShapes\btConvexPointCloudShape.cpp">
      <Filter>소스 파일\NewFilter1</Filter>
    </ClCompile>
    <ClCompile Include="..\Physics\src\BulletCollision\CollisionShapes\btConvexInternalShape.cpp">
      <Filter>소스 파일\NewFilter1</Filter>
    </ClCompile>
    <ClCompile Include="..\Physics\src\BulletCollision\CollisionShapes\btConvexHullShape.cpp">
      <Filter>소스 파일\NewFilter1</Filter>
    </ClCompile>
    <ClCompile Include="..\Physics\src\BulletCollision\CollisionShapes\btConvex2dShape.cpp">
      <Filter>소스 파일\NewFilter1</Filter>
    </ClCompile>
    <ClCompile Include="..\Physics\src\BulletCollision\CollisionShapes\btConeShape.cpp">
      <Filter>소스 파일\NewFilter1</Filter>
    </ClCompile>
    <ClCompile Include="..\Physics\src\BulletCollision\CollisionShapes\btConcaveShape.cpp">
      <Filter>소스 파일\NewFilter1</Filter>
    </ClCompile>
    <ClCompile Include="..\Physics\src\BulletCollision\CollisionShapes\btCompoundShape.cpp">
      <Filter>소스 파일\NewFilter1</Filter>
    </ClCompile>
    <ClCompile Include="..\Physics\src\BulletCollision\CollisionShapes\btCollisionShape.cpp">
      <Filter>소스 파일\NewFilter1</Filter>
    </ClCompile>
    <ClCompile Include="..\Physics\src\BulletCollision\CollisionShapes\btCapsuleShape.cpp">
      <Filter>소스 파일\NewFilter1</Filter>
    </ClCompile>
    <ClCompile Include="..\Physics\src\BulletCollision\CollisionShapes\btBvhTriangleMeshShape.cpp">
      <Filter>소스 파일\NewFilter1</Filter>
    </ClCompile>
    <ClCompile Include="..\Physics\src\BulletCollision\CollisionShapes\btBoxShape.cpp">
      <Filter>소스 파일\NewFilter1</Filter>
    </ClCompile>
    <ClCompile Include="..\Physics\src\BulletCollision\CollisionShapes\btBox2dShape.cpp">
      <Filter>소스 파일\NewFilter1</Filter>
    </ClCompile>
    <ClCompile Include="..\Physics\src\BulletCollision\CollisionDispatch\btUnionFind.cpp">
      <Filter>소스 파일\NewFilter1</Filter>
    </ClCompile>
    <ClCompile Include="..\Physics\src\BulletCollision\CollisionDispatch\btSphereTriangleCollisionAlgorithm.cpp">
      <Filter>소스 파일\NewFilter1</Filter>
    </ClCompile>
    <ClCompile Include="..\Physics\src\BulletCollision\CollisionDispatch\btSphereSphereCollisionAlgorithm.cpp">
      <Filter>소스 파일\NewFilter1</Filter>
    </ClCompile>
    <ClCompile Include="..\Physics\src\BulletCollision\CollisionDispatch\btSphereBoxCollisionAlgorithm.cpp">
      <Filter>소스 파일\NewFilter1</Filter>
    </ClCompile>
    <ClCompile Include="..\Physics\src\BulletCollision\CollisionDispatch\btSimulationIslandManager.cpp">
      <Filter>소스 파일\NewFilter1</Filter>
    </ClCompile>
    <ClCompile Include="..\Physics\src\BulletCollision\CollisionDispatch\btManifoldResult.cpp">
      <Filter>소스 파일\NewFilter1</Filter>
    </ClCompile>
    <ClCompile Include="..\Physics\src\BulletCollision\CollisionDispatch\btInternalEdgeUtility.cpp">
      <Filter>소스 파일\NewFilter1</Filter>
    </ClCompile>
    <ClCompile Include="..\Physics\src\BulletCollision\CollisionDispatch\btHashedSimplePairCache.cpp">
      <Filter>소스 파일\NewFilter1</Filter>
    </ClCompile>
    <ClCompile Include="..\Physics\src\BulletCollision\CollisionDispatch\btGhostObject.cpp">
      <Filter>소스 파일\NewFilter1</Filter>
    </ClCompile>
    <ClCompile Include="..\Physics\src\BulletCollision\CollisionDispatch\btEmptyCollisionAlgorithm.cpp">
      <Filter>소스 파일\NewFilter1</Filter>
    </ClCompile>
    <ClCompile Include="..\Physics\src\BulletCollision\CollisionDispatch\btDefaultCollisionConfiguration.cpp">
      <Filter>소스 파일\NewFilter1</Filter>
    </ClCompile>
    <ClCompile Include="..\Physics\src\BulletCollision\CollisionDispatch\btConvexPlaneCollisionAlgorithm.cpp">
      <Filter>소스 파일\NewFilter1</Filter>
    </ClCompile>
    <ClCompile Include="..\Physics\src\BulletCollision\CollisionDispatch\btConvexConvexAlgorithm.cpp">
      <Filter>소스 파일\NewFilter1</Filter>
    </ClCompile>
    <ClCompile Include="..\Physics\src\BulletCollision\CollisionDispatch\btConvexConcaveCollisionAlgorithm.cpp">
      <Filter>소스 파일\NewFilter1</Filter>
    </ClCompile>
    <ClCompile Include="..\Physics\src\BulletCollision\CollisionDispatch\btConvex2dConvex2dAlgorithm.cpp">
      <Filter>소스 파일\NewFilter1</Filter>
    </ClCompile>
    <ClCompile Include="..\Physics\src\BulletCollision\CollisionDispatch\btCompoundCompoundCollisionAlgorithm.cpp">
      <Filter>소스 파일\NewFilter1</Filter>
    </ClCompile>
    <ClCompile Include="..\Physics\src\BulletCollision\CollisionDispatch\btCompoundCollisionAlgorithm.cpp">
      <Filter>소스 파일\NewFilter1</Filter>
    </ClCompile>
    <ClCompile Include="..\Physics\src\BulletCollision\CollisionDispatch\btCollisionWorldImporter.cpp">
      <Filter>소스 파일\NewFilter1</Filter>
    </ClCompile>
    <ClCompile Include="..\Physics\src\BulletCollision\CollisionDispatch\btCollisionWorld.cpp">
      <Filter>소스 파일\NewFilter1</Filter>
    </ClCompile>
    <ClCompile Include="..\Physics\src\BulletCollision\CollisionDispatch\btCollisionObject.cpp">
      <Filter>소스 파일\NewFilter1</Filter>
    </ClCompile>
    <ClCompile Include="..\Physics\src\BulletCollision\CollisionDispatch\btCollisionDispatcherMt.cpp">
      <Filter>소스 파일\NewFilter1</Filter>
    </ClCompile>
    <ClCompile Include="..\Physics\src\BulletCollision\CollisionDispatch\btCollisionDispatcher.cpp">
      <Filter>소스 파일\NewFilter1</Filter>
    </ClCompile>
    <ClCompile Include="..\Physics\src\BulletCollision\CollisionDispatch\btBoxBoxDetector.cpp">
      <Filter>소스 파일\NewFilter1</Filter>
    </ClCompile>
    <ClCompile Include="..\Physics\src\BulletCollision\CollisionDispatch\btBoxBoxCollisionAlgorithm.cpp">
      <Filter>소스 파일\NewFilter1</Filter>
    </ClCompile>
    <ClCompile Include="..\Physics\src\BulletCollision\CollisionDispatch\btBox2dBox2dCollisionAlgorithm.cpp">
      <Filter>소스 파일\NewFilter1</Filter>
    </ClCompile>
    <ClCompile Include="..\Physics\src\BulletCollision\CollisionDispatch\btActivatingCollisionAlgorithm.cpp">
      <Filter>소스 파일\NewFilter1</Filter>
    </ClCompile>
    <ClCompile Include="..\Physics\src\BulletCollision\CollisionDispatch\SphereTriangleDetector.cpp">
      <Filter>소스 파일\NewFilter1</Filter>
    </ClCompile>
    <ClCompile Include="..\Physics\src\BulletCollision\BroadphaseCollision\btSimpleBroadphase.cpp">
      <Filter>소스 파일\NewFilter1</Filter>
    </ClCompile>
    <ClCompile Include="..\Physics\src\BulletCollision\BroadphaseCollision\btQuantizedBvh.cpp">
      <Filter>소스 파일\NewFilter1</Filter>
    </ClCompile>
    <ClCompile Include="..\Physics\src\BulletCollision\BroadphaseCollision\btOverlappingPairCache.cpp">
      <Filter>소스 파일\NewFilter1</Filter>
    </ClCompile>
    <ClCompile Include="..\Physics\src\BulletCollision\BroadphaseCollision\btDispatcher.cpp">
      <Filter>소스 파일\NewFilter1</Filter>
    </ClCompile>
    <ClCompile Include="..\Physics\src\BulletCollision\BroadphaseCollision\btDbvtBroadphase.cpp">
      <Filter>소스 파일\NewFilter1</Filter>
    </ClCompile>
    <ClCompile Include="..\Physics\src\BulletCollision\BroadphaseCollision\btDbvt.cpp">
      <Filter>소스 파일\NewFilter1</Filter>
    </ClCompile>
    <ClCompile Include="..\Physics\src\BulletCollision\BroadphaseCollision\btCollisionAlgorithm.cpp">
      <Filter>소스 파일\NewFilter1</Filter>
    </ClCompile>
    <ClCompile Include="..\Physics\src\BulletCollision\BroadphaseCollision\btBroadphaseProxy.cpp">
      <Filter>소스 파일\NewFilter1</Filter>
    </ClCompile>
    <ClCompile Include="..\Physics\src\BulletCollision\BroadphaseCollision\btAxisSweep3.cpp">
      <Filter>소스 파일\NewFilter1</Filter>
    </ClCompile>
    <ClCompile Include="..\Physics\src\Bullet3Serialize\Bullet2FileLoader\b3Serializer.cpp">
      <Filter>소스 파일\NewFilter1</Filter>
    </ClCompile>
    <ClCompile Include="..\Physics\src\Bullet3Serialize\Bullet2FileLoader\b3File.cpp">
      <Filter>소스 파일\NewFilter1</Filter>
    </ClCompile>
    <ClCompile Include="..\Physics\src\Bullet3Serialize\Bullet2FileLoader\b3DNA.cpp">
      <Filter>소스 파일\NewFilter1</Filter>
    </ClCompile>
    <ClCompile Include="..\Physics\src\Bullet3Serialize\Bullet2FileLoader\b3Chunk.cpp">
      <Filter>소스 파일\NewFilter1</Filter>
    </ClCompile>
    <ClCompile Include="..\Physics\src\Bullet3Serialize\Bullet2FileLoader\b3BulletFile.cpp">
      <Filter>소스 파일\NewFilter1</Filter>
    </ClCompile>
    <ClCompile Include="..\Physics\src\Bullet3Geometry\b3GeometryUtil.cpp">
      <Filter>소스 파일\NewFilter1</Filter>
    </ClCompile>
    <ClCompile Include="..\Physics\src\Bullet3Geometry\b3ConvexHullComputer.cpp">
      <Filter>소스 파일\NewFilter1</Filter>
    </ClCompile>
    <ClCompile Include="..\Physics\src\Bullet3Dynamics\b3CpuRigidBodyPipeline.cpp">
      <Filter>소스 파일\NewFilter1</Filter>
    </ClCompile>
    <ClCompile Include="..\Physics\src\Bullet3Dynamics\ConstraintSolver\b3TypedConstraint.cpp">
      <Filter>소스 파일\NewFilter1</Filter>
    </ClCompile>
    <ClCompile Include="..\Physics\src\Bullet3Dynamics\ConstraintSolver\b3Point2PointConstraint.cpp">
      <Filter>소스 파일\NewFilter1</Filter>
    </ClCompile>
    <ClCompile Include="..\Physics\src\Bullet3Dynamics\ConstraintSolver\b3PgsJacobiSolver.cpp">
      <Filter>소스 파일\NewFilter1</Filter>
    </ClCompile>
    <ClCompile Include="..\Physics\src\Bullet3Dynamics\ConstraintSolver\b3Generic6DofConstraint.cpp">
      <Filter>소스 파일\NewFilter1</Filter>
    </ClCompile>
    <ClCompile Include="..\Physics\src\Bullet3Dynamics\ConstraintSolver\b3FixedConstraint.cpp">
      <Filter>소스 파일\NewFilter1</Filter>
    </ClCompile>
    <ClCompile Include="..\Physics\src\Bullet3Common\b3Vector3.cpp">
      <Filter>소스 파일\NewFilter1</Filter>
    </ClCompile>
    <ClCompile Include="..\Physics\src\Bullet3Collision\BroadPhaseCollision\b3DynamicBvh.cpp">
      <Filter>소스 파일\NewFilter1</Filter>
    </ClCompile>
  </ItemGroup>
</Project>